
Microsoft Visual Studio Solution File, Format Version 12.00
# Visual Studio Version 16
VisualStudioVersion = 25.0.1706.0
MinimumVisualStudioVersion = 10.0.40219.1
Project("{FAE04EC0-301F-11D3-BF4B-00C04F79EFBC}") = "SignalRChat", "SignalRChat\SignalRChat.csproj", "{08EB9FD1-0964-4583-9791-FCD42CD6A76C}"
EndProject
Global
	GlobalSection(SolutionConfigurationPlatforms) = preSolution
		Debug|Any CPU = Debug|Any CPU
		Release|Any CPU = Release|Any CPU
	EndGlobalSection
	GlobalSection(ProjectConfigurationPlatforms) = postSolution
		{08EB9FD1-0964-4583-9791-FCD42CD6A76C}.Debug|Any CPU.ActiveCfg = Debug|Any CPU
		{08EB9FD1-0964-4583-9791-FCD42CD6A76C}.Debug|Any CPU.Build.0 = Debug|Any CPU
		{08EB9FD1-0964-4583-9791-FCD42CD6A76C}.Release|Any CPU.ActiveCfg = Release|Any CPU
		{08EB9FD1-0964-4583-9791-FCD42CD6A76C}.Release|Any CPU.Build.0 = Release|Any CPU
	EndGlobalSection
	GlobalSection(SolutionProperties) = preSolution
		HideSolutionNode = FALSE
	EndGlobalSection
	GlobalSection(ExtensibilityGlobals) = postSolution
		SolutionGuid = {73E4732F-3A7F-416C-83C2-1C49103ACF24}
	EndGlobalSection
EndGlobal
